
Microsoft Visual Studio Solution File, Format Version 12.00
# Visual Studio Version 17
VisualStudioVersion = 17.4.33403.182
MinimumVisualStudioVersion = 10.0.40219.1
Project("{FAE04EC0-301F-11D3-BF4B-00C04F79EFBC}") = "AzureSendgridSample", "Samples\AzureSendgridSample.csproj", "{47D12DE0-A507-4DA5-BE17-3BEFDFA95888}"
EndProject
Global
	GlobalSection(SolutionConfigurationPlatforms) = preSolution
		Debug|Any CPU = Debug|Any CPU
		Release|Any CPU = Release|Any CPU
	EndGlobalSection
	GlobalSection(ProjectConfigurationPlatforms) = postSolution
		{47D12DE0-A507-4DA5-BE17-3BEFDFA95888}.Debug|Any CPU.ActiveCfg = Debug|Any CPU
		{47D12DE0-A507-4DA5-BE17-3BEFDFA95888}.Debug|Any CPU.Build.0 = Debug|Any CPU
		{47D12DE0-A507-4DA5-BE17-3BEFDFA95888}.Release|Any CPU.ActiveCfg = Release|Any CPU
		{47D12DE0-A507-4DA5-BE17-3BEFDFA95888}.Release|Any CPU.Build.0 = Release|Any CPU
	EndGlobalSection
	GlobalSection(SolutionProperties) = preSolution
		HideSolutionNode = FALSE
	EndGlobalSection
	GlobalSection(ExtensibilityGlobals) = postSolution
		SolutionGuid = {7538A0FF-D878-4B39-91AE-4EBAE67A2AA7}
	EndGlobalSection
EndGlobal
